// !$*UTF8*$!
{
	archiveVersion = 1;
	classes = {
	};
	objectVersion = 46;
	objects = {

/* Begin PBXBuildFile section */
		091D19071F4AD3E70024A5F3 /* main.m in Sources */ = {isa = PBXBuildFile; fileRef = 091D19061F4AD3E70024A5F3 /* main.m */; };
		091D190A1F4AD3E70024A5F3 /* AppDelegate.m in Sources */ = {isa = PBXBuildFile; fileRef = 091D19091F4AD3E70024A5F3 /* AppDelegate.m */; };
		091D190D1F4AD3E70024A5F3 /* ViewController.m in Sources */ = {isa = PBXBuildFile; fileRef = 091D190C1F4AD3E70024A5F3 /* ViewController.m */; };
		091D19101F4AD3E70024A5F3 /* Main.storyboard in Resources */ = {isa = PBXBuildFile; fileRef = 091D190E1F4AD3E70024A5F3 /* Main.storyboard */; };
		091D19121F4AD3E70024A5F3 /* Assets.xcassets in Resources */ = {isa = PBXBuildFile; fileRef = 091D19111F4AD3E70024A5F3 /* Assets.xcassets */; };
		091D19151F4AD3E70024A5F3 /* LaunchScreen.storyboard in Resources */ = {isa = PBXBuildFile; fileRef = 091D19131F4AD3E70024A5F3 /* LaunchScreen.storyboard */; };
		091D19201F4AD3E70024A5F3 /* runtime_________Tests.m in Sources */ = {isa = PBXBuildFile; fileRef = 091D191F1F4AD3E70024A5F3 /* runtime_________Tests.m */; };
		091D192B1F4AD3E70024A5F3 /* runtime_________UITests.m in Sources */ = {isa = PBXBuildFile; fileRef = 091D192A1F4AD3E70024A5F3 /* runtime_________UITests.m */; };
		091D193A1F4AD42B0024A5F3 /* Person.m in Sources */ = {isa = PBXBuildFile; fileRef = 091D19391F4AD42B0024A5F3 /* Person.m */; };
		091D193D1F4B17780024A5F3 /* NSURL+url.m in Sources */ = {isa = PBXBuildFile; fileRef = 091D193C1F4B17780024A5F3 /* NSURL+url.m */; };
		091D19431F4B26C10024A5F3 /* PersonOne.m in Sources */ = {isa = PBXBuildFile; fileRef = 091D19421F4B26C10024A5F3 /* PersonOne.m */; };
		091D19461F4B3E470024A5F3 /* Person+AddProperty.m in Sources */ = {isa = PBXBuildFile; fileRef = 091D19451F4B3E470024A5F3 /* Person+AddProperty.m */; };
/* End PBXBuildFile section */

/* Begin PBXContainerItemProxy section */
		091D191C1F4AD3E70024A5F3 /* PBXContainerItemProxy */ = {
			isa = PBXContainerItemProxy;
			containerPortal = 091D18FA1F4AD3E70024A5F3 /* Project object */;
			proxyType = 1;
			remoteGlobalIDString = 091D19011F4AD3E70024A5F3;
			remoteInfo = "runtime动态修改属性和方法";
		};
		091D19271F4AD3E70024A5F3 /* PBXContainerItemProxy */ = {
			isa = PBXContainerItemProxy;
			containerPortal = 091D18FA1F4AD3E70024A5F3 /* Project object */;
			proxyType = 1;
			remoteGlobalIDString = 091D19011F4AD3E70024A5F3;
			remoteInfo = "runtime动态修改属性和方法";
		};
/* End PBXContainerItemProxy section */

/* Begin PBXFileReference section */
		091D19021F4AD3E70024A5F3 /* runtime动态修改属性和方法.app */ = {isa = PBXFileReference; explicitFileType = wrapper.application; includeInIndex = 0; path = "runtime动态修改属性和方法.app"; sourceTree = BUILT_PRODUCTS_DIR; };
		091D19061F4AD3E70024A5F3 /* main.m */ = {isa = PBXFileReference; lastKnownFileType = sourcecode.c.objc; path = main.m; sourceTree = "<group>"; };
		091D19081F4AD3E70024A5F3 /* AppDelegate.h */ = {isa = PBXFileReference; lastKnownFileType = sourcecode.c.h; path = AppDelegate.h; sourceTree = "<group>"; };
		091D19091F4AD3E70024A5F3 /* AppDelegate.m */ = {isa = PBXFileReference; lastKnownFileType = sourcecode.c.objc; path = AppDelegate.m; sourceTree = "<group>"; };
		091D190B1F4AD3E70024A5F3 /* ViewController.h */ = {isa = PBXFileReference; lastKnownFileType = sourcecode.c.h; path = ViewController.h; sourceTree = "<group>"; };
		091D190C1F4AD3E70024A5F3 /* ViewController.m */ = {isa = PBXFileReference; lastKnownFileType = sourcecode.c.objc; path = ViewController.m; sourceTree = "<group>"; };
		091D190F1F4AD3E70024A5F3 /* Base */ = {isa = PBXFileReference; lastKnownFileType = file.storyboard; name = Base; path = Base.lproj/Main.storyboard; sourceTree = "<group>"; };
		091D19111F4AD3E70024A5F3 /* Assets.xcassets */ = {isa = PBXFileReference; lastKnownFileType = folder.assetcatalog; path = Assets.xcassets; sourceTree = "<group>"; };
		091D19141F4AD3E70024A5F3 /* Base */ = {isa = PBXFileReference; lastKnownFileType = file.storyboard; name = Base; path = Base.lproj/LaunchScreen.storyboard; sourceTree = "<group>"; };
		091D19161F4AD3E70024A5F3 /* Info.plist */ = {isa = PBXFileReference; lastKnownFileType = text.plist.xml; path = Info.plist; sourceTree = "<group>"; };
		091D191B1F4AD3E70024A5F3 /* runtime动态修改属性和方法Tests.xctest */ = {isa = PBXFileReference; explicitFileType = wrapper.cfbundle; includeInIndex = 0; path = "runtime动态修改属性和方法Tests.xctest"; sourceTree = BUILT_PRODUCTS_DIR; };
		091D191F1F4AD3E70024A5F3 /* runtime_________Tests.m */ = {isa = PBXFileReference; lastKnownFileType = sourcecode.c.objc; path = "runtime_________Tests.m"; sourceTree = "<group>"; };
		091D19211F4AD3E70024A5F3 /* Info.plist */ = {isa = PBXFileReference; lastKnownFileType = text.plist.xml; path = Info.plist; sourceTree = "<group>"; };
		091D19261F4AD3E70024A5F3 /* runtime动态修改属性和方法UITests.xctest */ = {isa = PBXFileReference; explicitFileType = wrapper.cfbundle; includeInIndex = 0; path = "runtime动态修改属性和方法UITests.xctest"; sourceTree = BUILT_PRODUCTS_DIR; };
		091D192A1F4AD3E70024A5F3 /* runtime_________UITests.m */ = {isa = PBXFileReference; lastKnownFileType = sourcecode.c.objc; path = "runtime_________UITests.m"; sourceTree = "<group>"; };
		091D192C1F4AD3E70024A5F3 /* Info.plist */ = {isa = PBXFileReference; lastKnownFileType = text.plist.xml; path = Info.plist; sourceTree = "<group>"; };
		091D19381F4AD42B0024A5F3 /* Person.h */ = {isa = PBXFileReference; fileEncoding = 4; lastKnownFileType = sourcecode.c.h; path = Person.h; sourceTree = "<group>"; };
		091D19391F4AD42B0024A5F3 /* Person.m */ = {isa = PBXFileReference; fileEncoding = 4; lastKnownFileType = sourcecode.c.objc; path = Person.m; sourceTree = "<group>"; };
		091D193B1F4B17780024A5F3 /* NSURL+url.h */ = {isa = PBXFileReference; fileEncoding = 4; lastKnownFileType = sourcecode.c.h; path = "NSURL+url.h"; sourceTree = "<group>"; };
		091D193C1F4B17780024A5F3 /* NSURL+url.m */ = {isa = PBXFileReference; fileEncoding = 4; lastKnownFileType = sourcecode.c.objc; path = "NSURL+url.m"; sourceTree = "<group>"; };
		091D19411F4B26C10024A5F3 /* PersonOne.h */ = {isa = PBXFileReference; fileEncoding = 4; lastKnownFileType = sourcecode.c.h; path = PersonOne.h; sourceTree = "<group>"; };
		091D19421F4B26C10024A5F3 /* PersonOne.m */ = {isa = PBXFileReference; fileEncoding = 4; lastKnownFileType = sourcecode.c.objc; path = PersonOne.m; sourceTree = "<group>"; };
		091D19441F4B3E470024A5F3 /* Person+AddProperty.h */ = {isa = PBXFileReference; fileEncoding = 4; lastKnownFileType = sourcecode.c.h; path = "Person+AddProperty.h"; sourceTree = "<group>"; };
		091D19451F4B3E470024A5F3 /* Person+AddProperty.m */ = {isa = PBXFileReference; fileEncoding = 4; lastKnownFileType = sourcecode.c.objc; path = "Person+AddProperty.m"; sourceTree = "<group>"; };
/* End PBXFileReference section */

/* Begin PBXFrameworksBuildPhase section */
		091D18FF1F4AD3E70024A5F3 /* Frameworks */ = {
			isa = PBXFrameworksBuildPhase;
			buildActionMask = 2147483647;
			files = (
			);
			runOnlyForDeploymentPostprocessing = 0;
		};
		091D19181F4AD3E70024A5F3 /* Frameworks */ = {
			isa = PBXFrameworksBuildPhase;
			buildActionMask = 2147483647;
			files = (
			);
			runOnlyForDeploymentPostprocessing = 0;
		};
		091D19231F4AD3E70024A5F3 /* Frameworks */ = {
			isa = PBXFrameworksBuildPhase;
			buildActionMask = 2147483647;
			files = (
			);
			runOnlyForDeploymentPostprocessing = 0;
		};
/* End PBXFrameworksBuildPhase section */

/* Begin PBXGroup section */
		091D18F91F4AD3E70024A5F3 = {
			isa = PBXGroup;
			children = (
				091D19041F4AD3E70024A5F3 /* runtime动态修改属性和方法 */,
				091D191E1F4AD3E70024A5F3 /* runtime动态修改属性和方法Tests */,
				091D19291F4AD3E70024A5F3 /* runtime动态修改属性和方法UITests */,
				091D19031F4AD3E70024A5F3 /* Products */,
			);
			sourceTree = "<group>";
		};
		091D19031F4AD3E70024A5F3 /* Products */ = {
			isa = PBXGroup;
			children = (
				091D19021F4AD3E70024A5F3 /* runtime动态修改属性和方法.app */,
				091D191B1F4AD3E70024A5F3 /* runtime动态修改属性和方法Tests.xctest */,
				091D19261F4AD3E70024A5F3 /* runtime动态修改属性和方法UITests.xctest */,
			);
			name = Products;
			sourceTree = "<group>";
		};
		091D19041F4AD3E70024A5F3 /* runtime动态修改属性和方法 */ = {
			isa = PBXGroup;
			children = (
				091D19081F4AD3E70024A5F3 /* AppDelegate.h */,
				091D19091F4AD3E70024A5F3 /* AppDelegate.m */,
				091D190B1F4AD3E70024A5F3 /* ViewController.h */,
				091D190C1F4AD3E70024A5F3 /* ViewController.m */,
				091D19381F4AD42B0024A5F3 /* Person.h */,
				091D19391F4AD42B0024A5F3 /* Person.m */,
				091D19441F4B3E470024A5F3 /* Person+AddProperty.h */,
				091D19451F4B3E470024A5F3 /* Person+AddProperty.m */,
				091D19411F4B26C10024A5F3 /* PersonOne.h */,
				091D19421F4B26C10024A5F3 /* PersonOne.m */,
				091D193B1F4B17780024A5F3 /* NSURL+url.h */,
				091D193C1F4B17780024A5F3 /* NSURL+url.m */,
				091D190E1F4AD3E70024A5F3 /* Main.storyboard */,
				091D19111F4AD3E70024A5F3 /* Assets.xcassets */,
				091D19131F4AD3E70024A5F3 /* LaunchScreen.storyboard */,
				091D19161F4AD3E70024A5F3 /* Info.plist */,
				091D19051F4AD3E70024A5F3 /* Supporting Files */,
			);
			path = "runtime动态修改属性和方法";
			sourceTree = "<group>";
		};
		091D19051F4AD3E70024A5F3 /* Supporting Files */ = {
			isa = PBXGroup;
			children = (
				091D19061F4AD3E70024A5F3 /* main.m */,
			);
			name = "Supporting Files";
			sourceTree = "<group>";
		};
		091D191E1F4AD3E70024A5F3 /* runtime动态修改属性和方法Tests */ = {
			isa = PBXGroup;
			children = (
				091D191F1F4AD3E70024A5F3 /* runtime_________Tests.m */,
				091D19211F4AD3E70024A5F3 /* Info.plist */,
			);
			path = "runtime动态修改属性和方法Tests";
			sourceTree = "<group>";
		};
		091D19291F4AD3E70024A5F3 /* runtime动态修改属性和方法UITests */ = {
			isa = PBXGroup;
			children = (
				091D192A1F4AD3E70024A5F3 /* runtime_________UITests.m */,
				091D192C1F4AD3E70024A5F3 /* Info.plist */,
			);
			path = "runtime动态修改属性和方法UITests";
			sourceTree = "<group>";
		};
/* End PBXGroup section */

/* Begin PBXNativeTarget section */
		091D19011F4AD3E70024A5F3 /* runtime动态修改属性和方法 */ = {
			isa = PBXNativeTarget;
			buildConfigurationList = 091D192F1F4AD3E70024A5F3 /* Build configuration list for PBXNativeTarget "runtime动态修改属性和方法" */;
			buildPhases = (
				091D18FE1F4AD3E70024A5F3 /* Sources */,
				091D18FF1F4AD3E70024A5F3 /* Frameworks */,
				091D19001F4AD3E70024A5F3 /* Resources */,
			);
			buildRules = (
			);
			dependencies = (
			);
			name = "runtime动态修改属性和方法";
			productName = "runtime动态修改属性和方法";
			productReference = 091D19021F4AD3E70024A5F3 /* runtime动态修改属性和方法.app */;
			productType = "com.apple.product-type.application";
		};
		091D191A1F4AD3E70024A5F3 /* runtime动态修改属性和方法Tests */ = {
			isa = PBXNativeTarget;
			buildConfigurationList = 091D19321F4AD3E70024A5F3 /* Build configuration list for PBXNativeTarget "runtime动态修改属性和方法Tests" */;
			buildPhases = (
				091D19171F4AD3E70024A5F3 /* Sources */,
				091D19181F4AD3E70024A5F3 /* Frameworks */,
				091D19191F4AD3E70024A5F3 /* Resources */,
			);
			buildRules = (
			);
			dependencies = (
				091D191D1F4AD3E70024A5F3 /* PBXTargetDependency */,
			);
			name = "runtime动态修改属性和方法Tests";
			productName = "runtime动态修改属性和方法Tests";
			productReference = 091D191B1F4AD3E70024A5F3 /* runtime动态修改属性和方法Tests.xctest */;
			productType = "com.apple.product-type.bundle.unit-test";
		};
		091D19251F4AD3E70024A5F3 /* runtime动态修改属性和方法UITests */ = {
			isa = PBXNativeTarget;
			buildConfigurationList = 091D19351F4AD3E70024A5F3 /* Build configuration list for PBXNativeTarget "runtime动态修改属性和方法UITests" */;
			buildPhases = (
				091D19221F4AD3E70024A5F3 /* Sources */,
				091D19231F4AD3E70024A5F3 /* Frameworks */,
				091D19241F4AD3E70024A5F3 /* Resources */,
			);
			buildRules = (
			);
			dependencies = (
				091D19281F4AD3E70024A5F3 /* PBXTargetDependency */,
			);
			name = "runtime动态修改属性和方法UITests";
			productName = "runtime动态修改属性和方法UITests";
			productReference = 091D19261F4AD3E70024A5F3 /* runtime动态修改属性和方法UITests.xctest */;
			productType = "com.apple.product-type.bundle.ui-testing";
		};
/* End PBXNativeTarget section */

/* Begin PBXProject section */
		091D18FA1F4AD3E70024A5F3 /* Project object */ = {
			isa = PBXProject;
			attributes = {
				LastUpgradeCheck = 0830;
				ORGANIZATIONNAME = zgbin;
				TargetAttributes = {
					091D19011F4AD3E70024A5F3 = {
						CreatedOnToolsVersion = 8.3.3;
						DevelopmentTeam = LJN2D459KZ;
						ProvisioningStyle = Automatic;
					};
					091D191A1F4AD3E70024A5F3 = {
						CreatedOnToolsVersion = 8.3.3;
						ProvisioningStyle = Automatic;
						TestTargetID = 091D19011F4AD3E70024A5F3;
					};
					091D19251F4AD3E70024A5F3 = {
						CreatedOnToolsVersion = 8.3.3;
						ProvisioningStyle = Automatic;
						TestTargetID = 091D19011F4AD3E70024A5F3;
					};
				};
			};
			buildConfigurationList = 091D18FD1F4AD3E70024A5F3 /* Build configuration list for PBXProject "runtime动态修改属性和方法" */;
			compatibilityVersion = "Xcode 3.2";
			developmentRegion = English;
			hasScannedForEncodings = 0;
			knownRegions = (
				en,
				Base,
			);
			mainGroup = 091D18F91F4AD3E70024A5F3;
			productRefGroup = 091D19031F4AD3E70024A5F3 /* Products */;
			projectDirPath = "";
			projectRoot = "";
			targets = (
				091D19011F4AD3E70024A5F3 /* runtime动态修改属性和方法 */,
				091D191A1F4AD3E70024A5F3 /* runtime动态修改属性和方法Tests */,
				091D19251F4AD3E70024A5F3 /* runtime动态修改属性和方法UITests */,
			);
		};
/* End PBXProject section */

/* Begin PBXResourcesBuildPhase section */
		091D19001F4AD3E70024A5F3 /* Resources */ = {
			isa = PBXResourcesBuildPhase;
			buildActionMask = 2147483647;
			files = (
				091D19151F4AD3E70024A5F3 /* LaunchScreen.storyboard in Resources */,
				091D19121F4AD3E70024A5F3 /* Assets.xcassets in Resources */,
				091D19101F4AD3E70024A5F3 /* Main.storyboard in Resources */,
			);
			runOnlyForDeploymentPostprocessing = 0;
		};
		091D19191F4AD3E70024A5F3 /* Resources */ = {
			isa = PBXResourcesBuildPhase;
			buildActionMask = 2147483647;
			files = (
			);
			runOnlyForDeploymentPostprocessing = 0;
		};
		091D19241F4AD3E70024A5F3 /* Resources */ = {
			isa = PBXResourcesBuildPhase;
			buildActionMask = 2147483647;
			files = (
			);
			runOnlyForDeploymentPostprocessing = 0;
		};
/* End PBXResourcesBuildPhase section */

/* Begin PBXSourcesBuildPhase section */
		091D18FE1F4AD3E70024A5F3 /* Sources */ = {
			isa = PBXSourcesBuildPhase;
			buildActionMask = 2147483647;
			files = (
				091D190D1F4AD3E70024A5F3 /* ViewController.m in Sources */,
				091D19461F4B3E470024A5F3 /* Person+AddProperty.m in Sources */,
				091D193D1F4B17780024A5F3 /* NSURL+url.m in Sources */,
				091D190A1F4AD3E70024A5F3 /* AppDelegate.m in Sources */,
				091D193A1F4AD42B0024A5F3 /* Person.m in Sources */,
				091D19071F4AD3E70024A5F3 /* main.m in Sources */,
				091D19431F4B26C10024A5F3 /* PersonOne.m in Sources */,
			);
			runOnlyForDeploymentPostprocessing = 0;
		};
		091D19171F4AD3E70024A5F3 /* Sources */ = {
			isa = PBXSourcesBuildPhase;
			buildActionMask = 2147483647;
			files = (
				091D19201F4AD3E70024A5F3 /* runtime_________Tests.m in Sources */,
			);
			runOnlyForDeploymentPostprocessing = 0;
		};
		091D19221F4AD3E70024A5F3 /* Sources */ = {
			isa = PBXSourcesBuildPhase;
			buildActionMask = 2147483647;
			files = (
				091D192B1F4AD3E70024A5F3 /* runtime_________UITests.m in Sources */,
			);
			runOnlyForDeploymentPostprocessing = 0;
		};
/* End PBXSourcesBuildPhase section */

/* Begin PBXTargetDependency section */
		091D191D1F4AD3E70024A5F3 /* PBXTargetDependency */ = {
			isa = PBXTargetDependency;
			target = 091D19011F4AD3E70024A5F3 /* runtime动态修改属性和方法 */;
			targetProxy = 091D191C1F4AD3E70024A5F3 /* PBXContainerItemProxy */;
		};
		091D19281F4AD3E70024A5F3 /* PBXTargetDependency */ = {
			isa = PBXTargetDependency;
			target = 091D19011F4AD3E70024A5F3 /* runtime动态修改属性和方法 */;
			targetProxy = 091D19271F4AD3E70024A5F3 /* PBXContainerItemProxy */;
		};
/* End PBXTargetDependency section */

/* Begin PBXVariantGroup section */
		091D190E1F4AD3E70024A5F3 /* Main.storyboard */ = {
			isa = PBXVariantGroup;
			children = (
				091D190F1F4AD3E70024A5F3 /* Base */,
			);
			name = Main.storyboard;
			sourceTree = "<group>";
		};
		091D19131F4AD3E70024A5F3 /* LaunchScreen.storyboard */ = {
			isa = PBXVariantGroup;
			children = (
				091D19141F4AD3E70024A5F3 /* Base */,
			);
			name = LaunchScreen.storyboard;
			sourceTree = "<group>";
		};
/* End PBXVariantGroup section */

/* Begin XCBuildConfiguration section */
		091D192D1F4AD3E70024A5F3 /* Debug */ = {
			isa = XCBuildConfiguration;
			buildSettings = {
				ALWAYS_SEARCH_USER_PATHS = NO;
				CLANG_ANALYZER_NONNULL = YES;
				CLANG_ANALYZER_NUMBER_OBJECT_CONVERSION = YES_AGGRESSIVE;
				CLANG_CXX_LANGUAGE_STANDARD = "gnu++0x";
				CLANG_CXX_LIBRARY = "libc++";
				CLANG_ENABLE_MODULES = YES;
				CLANG_ENABLE_OBJC_ARC = YES;
				CLANG_WARN_BOOL_CONVERSION = YES;
				CLANG_WARN_CONSTANT_CONVERSION = YES;
				CLANG_WARN_DIRECT_OBJC_ISA_USAGE = YES_ERROR;
				CLANG_WARN_DOCUMENTATION_COMMENTS = YES;
				CLANG_WARN_EMPTY_BODY = YES;
				CLANG_WARN_ENUM_CONVERSION = YES;
				CLANG_WARN_INFINITE_RECURSION = YES;
				CLANG_WARN_INT_CONVERSION = YES;
				CLANG_WARN_OBJC_ROOT_CLASS = YES_ERROR;
				CLANG_WARN_SUSPICIOUS_MOVE = YES;
				CLANG_WARN_UNREACHABLE_CODE = YES;
				CLANG_WARN__DUPLICATE_METHOD_MATCH = YES;
				"CODE_SIGN_IDENTITY[sdk=iphoneos*]" = "iPhone Developer";
				COPY_PHASE_STRIP = NO;
				DEBUG_INFORMATION_FORMAT = dwarf;
				ENABLE_STRICT_OBJC_MSGSEND = YES;
				ENABLE_TESTABILITY = YES;
				GCC_C_LANGUAGE_STANDARD = gnu99;
				GCC_DYNAMIC_NO_PIC = NO;
				GCC_NO_COMMON_BLOCKS = YES;
				GCC_OPTIMIZATION_LEVEL = 0;
				GCC_PREPROCESSOR_DEFINITIONS = (
					"DEBUG=1",
					"$(inherited)",
				);
				GCC_WARN_64_TO_32_BIT_CONVERSION = YES;
				GCC_WARN_ABOUT_RETURN_TYPE = YES_ERROR;
				GCC_WARN_UNDECLARED_SELECTOR = YES;
				GCC_WARN_UNINITIALIZED_AUTOS = YES_AGGRESSIVE;
				GCC_WARN_UNUSED_FUNCTION = YES;
				GCC_WARN_UNUSED_VARIABLE = YES;
				IPHONEOS_DEPLOYMENT_TARGET = 8.0;
				MTL_ENABLE_DEBUG_INFO = YES;
				ONLY_ACTIVE_ARCH = YES;
				SDKROOT = iphoneos;
				TARGETED_DEVICE_FAMILY = "1,2";
			};
			name = Debug;
		};
		091D192E1F4AD3E70024A5F3 /* Release */ = {
			isa = XCBuildConfiguration;
			buildSettings = {
				ALWAYS_SEARCH_USER_PATHS = NO;
				CLANG_ANALYZER_NONNULL = YES;
				CLANG_ANALYZER_NUMBER_OBJECT_CONVERSION = YES_AGGRESSIVE;
				CLANG_CXX_LANGUAGE_STANDARD = "gnu++0x";
				CLANG_CXX_LIBRARY = "libc++";
				CLANG_ENABLE_MODULES = YES;
				CLANG_ENABLE_OBJC_ARC = YES;
				CLANG_WARN_BOOL_CONVERSION = YES;
				CLANG_WARN_CONSTANT_CONVERSION = YES;
				CLANG_WARN_DIRECT_OBJC_ISA_USAGE = YES_ERROR;
				CLANG_WARN_DOCUMENTATION_COMMENTS = YES;
				CLANG_WARN_EMPTY_BODY = YES;
				CLANG_WARN_ENUM_CONVERSION = YES;
				CLANG_WARN_INFINITE_RECURSION = YES;
				CLANG_WARN_INT_CONVERSION = YES;
				CLANG_WARN_OBJC_ROOT_CLASS = YES_ERROR;
				CLANG_WARN_SUSPICIOUS_MOVE = YES;
				CLANG_WARN_UNREACHABLE_CODE = YES;
				CLANG_WARN__DUPLICATE_METHOD_MATCH = YES;
				"CODE_SIGN_IDENTITY[sdk=iphoneos*]" = "iPhone Developer";
				COPY_PHASE_STRIP = NO;
				DEBUG_INFORMATION_FORMAT = "dwarf-with-dsym";
				ENABLE_NS_ASSERTIONS = NO;
				ENABLE_STRICT_OBJC_MSGSEND = YES;
				GCC_C_LANGUAGE_STANDARD = gnu99;
				GCC_NO_COMMON_BLOCKS = YES;
				GCC_WARN_64_TO_32_BIT_CONVERSION = YES;
				GCC_WARN_ABOUT_RETURN_TYPE = YES_ERROR;
				GCC_WARN_UNDECLARED_SELECTOR = YES;
				GCC_WARN_UNINITIALIZED_AUTOS = YES_AGGRESSIVE;
				GCC_WARN_UNUSED_FUNCTION = YES;
				GCC_WARN_UNUSED_VARIABLE = YES;
				IPHONEOS_DEPLOYMENT_TARGET = 8.0;
				MTL_ENABLE_DEBUG_INFO = NO;
				SDKROOT = iphoneos;
				TARGETED_DEVICE_FAMILY = "1,2";
				VALIDATE_PRODUCT = YES;
			};
			name = Release;
		};
		091D19301F4AD3E70024A5F3 /* Debug */ = {
			isa = XCBuildConfiguration;
			buildSettings = {
				ASSETCATALOG_COMPILER_APPICON_NAME = AppIcon;
				DEVELOPMENT_TEAM = LJN2D459KZ;
				INFOPLIST_FILE = "runtime动态修改属性和方法/Info.plist";
				LD_RUNPATH_SEARCH_PATHS = "$(inherited) @executable_path/Frameworks";
				PRODUCT_BUNDLE_IDENTIFIER = "com.zst.a.runtime---------";
				PRODUCT_NAME = "$(TARGET_NAME)";
			};
			name = Debug;
		};
		091D19311F4AD3E70024A5F3 /* Release */ = {
			isa = XCBuildConfiguration;
			buildSettings = {
				ASSETCATALOG_COMPILER_APPICON_NAME = AppIcon;
				DEVELOPMENT_TEAM = LJN2D459KZ;
				INFOPLIST_FILE = "runtime动态修改属性和方法/Info.plist";
				LD_RUNPATH_SEARCH_PATHS = "$(inherited) @executable_path/Frameworks";
				PRODUCT_BUNDLE_IDENTIFIER = "com.zst.a.runtime---------";
				PRODUCT_NAME = "$(TARGET_NAME)";
			};
			name = Release;
		};
		091D19331F4AD3E70024A5F3 /* Debug */ = {
			isa = XCBuildConfiguration;
			buildSettings = {
				BUNDLE_LOADER = "$(TEST_HOST)";
				INFOPLIST_FILE = "runtime动态修改属性和方法Tests/Info.plist";
				LD_RUNPATH_SEARCH_PATHS = "$(inherited) @executable_path/Frameworks @loader_path/Frameworks";
				PRODUCT_BUNDLE_IDENTIFIER = "com.zst.a.runtime---------Tests";
				PRODUCT_NAME = "$(TARGET_NAME)";
				TEST_HOST = "$(BUILT_PRODUCTS_DIR)/runtime动态修改属性和方法.app/runtime动态修改属性和方法";
			};
			name = Debug;
		};
		091D19341F4AD3E70024A5F3 /* Release */ = {
			isa = XCBuildConfiguration;
			buildSettings = {
				BUNDLE_LOADER = "$(TEST_HOST)";
				INFOPLIST_FILE = "runtime动态修改属性和方法Tests/Info.plist";
				LD_RUNPATH_SEARCH_PATHS = "$(inherited) @executable_path/Frameworks @loader_path/Frameworks";
				PRODUCT_BUNDLE_IDENTIFIER = "com.zst.a.runtime---------Tests";
				PRODUCT_NAME = "$(TARGET_NAME)";
				TEST_HOST = "$(BUILT_PRODUCTS_DIR)/runtime动态修改属性和方法.app/runtime动态修改属性和方法";
			};
			name = Release;
		};
		091D19361F4AD3E70024A5F3 /* Debug */ = {
			isa = XCBuildConfiguration;
			buildSettings = {
				INFOPLIST_FILE = "runtime动态修改属性和方法UITests/Info.plist";
				LD_RUNPATH_SEARCH_PATHS = "$(inherited) @executable_path/Frameworks @loader_path/Frameworks";
				PRODUCT_BUNDLE_IDENTIFIER = "com.zst.a.runtime---------UITests";
				PRODUCT_NAME = "$(TARGET_NAME)";
				TEST_TARGET_NAME = "runtime动态修改属性和方法";
			};
			name = Debug;
		};
		091D19371F4AD3E70024A5F3 /* Release */ = {
			isa = XCBuildConfiguration;
			buildSettings = {
				INFOPLIST_FILE = "runtime动态修改属性和方法UITests/Info.plist";
				LD_RUNPATH_SEARCH_PATHS = "$(inherited) @executable_path/Frameworks @loader_path/Frameworks";
				PRODUCT_BUNDLE_IDENTIFIER = "com.zst.a.runtime---------UITests";
				PRODUCT_NAME = "$(TARGET_NAME)";
				TEST_TARGET_NAME = "runtime动态修改属性和方法";
			};
			name = Release;
		};
/* End XCBuildConfiguration section */

/* Begin XCConfigurationList section */
		091D18FD1F4AD3E70024A5F3 /* Build configuration list for PBXProject "runtime动态修改属性和方法" */ = {
			isa = XCConfigurationList;
			buildConfigurations = (
				091D192D1F4AD3E70024A5F3 /* Debug */,
				091D192E1F4AD3E70024A5F3 /* Release */,
			);
			defaultConfigurationIsVisible = 0;
			defaultConfigurationName = Release;
		};
		091D192F1F4AD3E70024A5F3 /* Build configuration list for PBXNativeTarget "runtime动态修改属性和方法" */ = {
			isa = XCConfigurationList;
			buildConfigurations = (
				091D19301F4AD3E70024A5F3 /* Debug */,
				091D19311F4AD3E70024A5F3 /* Release */,
			);
			defaultConfigurationIsVisible = 0;
			defaultConfigurationName = Release;
		};
		091D19321F4AD3E70024A5F3 /* Build configuration list for PBXNativeTarget "runtime动态修改属性和方法Tests" */ = {
			isa = XCConfigurationList;
			buildConfigurations = (
				091D19331F4AD3E70024A5F3 /* Debug */,
				091D19341F4AD3E70024A5F3 /* Release */,
			);
			defaultConfigurationIsVisible = 0;
			defaultConfigurationName = Release;
		};
		091D19351F4AD3E70024A5F3 /* Build configuration list for PBXNativeTarget "runtime动态修改属性和方法UITests" */ = {
			isa = XCConfigurationList;
			buildConfigurations = (
				091D19361F4AD3E70024A5F3 /* Debug */,
				091D19371F4AD3E70024A5F3 /* Release */,
			);
			defaultConfigurationIsVisible = 0;
			defaultConfigurationName = Release;
		};
/* End XCConfigurationList section */
	};
	rootObject = 091D18FA1F4AD3E70024A5F3 /* Project object */;
}
